
Microsoft Visual Studio Solution File, Format Version 12.00
# Visual Studio Express 14 for Windows Desktop
VisualStudioVersion = 14.0.25420.1
MinimumVisualStudioVersion = 10.0.40219.1
Project("{F184B08F-C81C-45F6-A57F-5ABD9991F28F}") = "MDI_Sample", "MDI_Sample\MDI_Sample.vbproj", "{E84CD4D6-6DE6-4D93-8856-2E0DC64C6275}"
EndProject
Project("{F184B08F-C81C-45F6-A57F-5ABD9991F28F}") = "Issuer", "Issuer\Issuer.vbproj", "{987D64BE-92DC-4E6D-B030-330646CB50BA}"
EndProject
Project("{F184B08F-C81C-45F6-A57F-5ABD9991F28F}") = "Security", "Security\Security.vbproj", "{67ABC76A-9A70-46A7-81D5-39E66FE2898D}"
EndProject
Global
	GlobalSection(SolutionConfigurationPlatforms) = preSolution
		Debug|Any CPU = Debug|Any CPU
		Release|Any CPU = Release|Any CPU
	EndGlobalSection
	GlobalSection(ProjectConfigurationPlatforms) = postSolution
		{E84CD4D6-6DE6-4D93-8856-2E0DC64C6275}.Debug|Any CPU.ActiveCfg = Debug|Any CPU
		{E84CD4D6-6DE6-4D93-8856-2E0DC64C6275}.Debug|Any CPU.Build.0 = Debug|Any CPU
		{E84CD4D6-6DE6-4D93-8856-2E0DC64C6275}.Release|Any CPU.ActiveCfg = Release|Any CPU
		{E84CD4D6-6DE6-4D93-8856-2E0DC64C6275}.Release|Any CPU.Build.0 = Release|Any CPU
		{987D64BE-92DC-4E6D-B030-330646CB50BA}.Debug|Any CPU.ActiveCfg = Debug|Any CPU
		{987D64BE-92DC-4E6D-B030-330646CB50BA}.Debug|Any CPU.Build.0 = Debug|Any CPU
		{987D64BE-92DC-4E6D-B030-330646CB50BA}.Release|Any CPU.ActiveCfg = Release|Any CPU
		{987D64BE-92DC-4E6D-B030-330646CB50BA}.Release|Any CPU.Build.0 = Release|Any CPU
		{67ABC76A-9A70-46A7-81D5-39E66FE2898D}.Debug|Any CPU.ActiveCfg = Debug|Any CPU
		{67ABC76A-9A70-46A7-81D5-39E66FE2898D}.Debug|Any CPU.Build.0 = Debug|Any CPU
		{67ABC76A-9A70-46A7-81D5-39E66FE2898D}.Release|Any CPU.ActiveCfg = Release|Any CPU
		{67ABC76A-9A70-46A7-81D5-39E66FE2898D}.Release|Any CPU.Build.0 = Release|Any CPU
	EndGlobalSection
	GlobalSection(SolutionProperties) = preSolution
		HideSolutionNode = FALSE
	EndGlobalSection
EndGlobal
